
Microsoft Visual Studio Solution File, Format Version 12.00
# Visual Studio 15
VisualStudioVersion = 15.0.26730.16
MinimumVisualStudioVersion = 10.0.40219.1
Project("{FAE04EC0-301F-11D3-BF4B-00C04F79EFBC}") = "Scarlet", "Scarlet.csproj", "{EB8D6FE6-E3DD-4049-89A2-F636C6D70477}"
EndProject
Project("{FAE04EC0-301F-11D3-BF4B-00C04F79EFBC}") = "UnitTest", "UnitTest\UnitTest.csproj", "{275370AF-621E-49B7-965F-88BDC665B287}"
EndProject
Project("{FAE04EC0-301F-11D3-BF4B-00C04F79EFBC}") = "TestSuite", "TestSuite\TestSuite.csproj", "{53452186-5C91-4A79-B358-70DDB5486BBA}"
EndProject
Global
	GlobalSection(SolutionConfigurationPlatforms) = preSolution
		Debug|Any CPU = Debug|Any CPU
		Release|Any CPU = Release|Any CPU
	EndGlobalSection
	GlobalSection(ProjectConfigurationPlatforms) = postSolution
		{EB8D6FE6-E3DD-4049-89A2-F636C6D70477}.Debug|Any CPU.ActiveCfg = Debug|Any CPU
		{EB8D6FE6-E3DD-4049-89A2-F636C6D70477}.Debug|Any CPU.Build.0 = Debug|Any CPU
		{EB8D6FE6-E3DD-4049-89A2-F636C6D70477}.Release|Any CPU.ActiveCfg = Release|Any CPU
		{EB8D6FE6-E3DD-4049-89A2-F636C6D70477}.Release|Any CPU.Build.0 = Release|Any CPU
		{275370AF-621E-49B7-965F-88BDC665B287}.Debug|Any CPU.ActiveCfg = Debug|Any CPU
		{275370AF-621E-49B7-965F-88BDC665B287}.Debug|Any CPU.Build.0 = Debug|Any CPU
		{275370AF-621E-49B7-965F-88BDC665B287}.Release|Any CPU.ActiveCfg = Release|Any CPU
		{275370AF-621E-49B7-965F-88BDC665B287}.Release|Any CPU.Build.0 = Release|Any CPU
		{53452186-5C91-4A79-B358-70DDB5486BBA}.Debug|Any CPU.ActiveCfg = Debug|Any CPU
		{53452186-5C91-4A79-B358-70DDB5486BBA}.Debug|Any CPU.Build.0 = Debug|Any CPU
		{53452186-5C91-4A79-B358-70DDB5486BBA}.Release|Any CPU.ActiveCfg = Release|Any CPU
		{53452186-5C91-4A79-B358-70DDB5486BBA}.Release|Any CPU.Build.0 = Release|Any CPU
	EndGlobalSection
	GlobalSection(SolutionProperties) = preSolution
		HideSolutionNode = FALSE
	EndGlobalSection
	GlobalSection(ExtensibilityGlobals) = postSolution
		SolutionGuid = {62764D73-4DC5-42B1-B590-4EB3A4D06335}
	EndGlobalSection
EndGlobal
